[[package]]
name = "pyside6"
version = "6.0.3"
description = "Python bindings for the Qt cross-platform application and UI framework"
category = "dev"
optional = false
python-versions = ">=3.6, <3.10"

[package.dependencies]
shiboken6 = "6.0.3"

[[package]]
name = "shiboken6"
version = "6.0.3"
description = "Python / C++ bindings helper module"
category = "dev"
optional = false
python-versions = ">=3.6, <3.10"

[metadata]
lock-version = "1.1"
python-versions = ">=3.9,<3.10"
content-hash = "2e55617bd8692aa28a6d4e2555cf2e83d75982b74aebb05453f83b7106cef5f1"

[metadata.files]
pyside6 = [
    {file = "PySide6-6.0.3-6.0.3-cp36.cp37.cp38.cp39-abi3-macosx_10_14_x86_64.whl", hash = "sha256:d763540fafae44ca8a5114cdd3546913666d83a2874da173ee86b534fd13af59"},
    {file = "PySide6-6.0.3-6.0.3-cp36.cp37.cp38.cp39-abi3-macosx_10_15_x86_64.whl", hash = "sha256:a4b34fb7022ef7dc290ef0e954c2c9eea572da1d64d32742d0f1eaaeab8500ac"},
    {file = "PySide6-6.0.3-6.0.3-cp36.cp37.cp38.cp39-abi3-manylinux1_x86_64.whl", hash = "sha256:5a491256b6a2166e1ee0b9e4a0180436ba1a7bb893adca4921fac026d8636d80"},
    {file = "PySide6-6.0.3-6.0.3-cp36.cp37.cp38.cp39-none-win_amd64.whl", hash = "sha256:8c40ef4c0fa6db5e91fb8434f3747ad39fa5e72364c5d52cf2e69ab2c90987b7"},
]
shiboken6 = [
    {file = "shiboken6-6.0.3-6.0.3-cp36.cp37.cp38.cp39-abi3-macosx_10_14_x86_64.whl", hash = "sha256:5f69e15d8bc5003a283c5e8fb52e4f6f0d546964611095c7fdf2d255682ba01d"},
    {file = "shiboken6-6.0.3-6.0.3-cp36.cp37.cp38.cp39-abi3-macosx_10_15_x86_64.whl", hash = "sha256:459c50a36bfc2de3ade47494ced3d87e9e4bfea3d36919cfb81b9fccf73d641c"},
    {file = "shiboken6-6.0.3-6.0.3-cp36.cp37.cp38.cp39-abi3-manylinux1_x86_64.whl", hash = "sha256:3e5d2719b8607c1eef224c552e4f02af4e2be1000e40ff8653f4be9cbc4bc75e"},
    {file = "shiboken6-6.0.3-6.0.3-cp36.cp37.cp38.cp39-none-win_amd64.whl", hash = "sha256:8fff1cbea0c6469c8a88394c7783c5054b9f4eea5ca9e0aa159f8a6835d5b578"},
]
